
Microsoft Visual Studio Solution File, Format Version 12.00
Project("{FAE04EC0-301F-11D3-BF4B-00C04F79EFBC}") = "Day01", "Day01\Day01.csproj", "{DCCDAEE6-C910-4CDC-A32B-E1D8F1C3C99C}"
EndProject
Project("{FAE04EC0-301F-11D3-BF4B-00C04F79EFBC}") = "LibraryTools", "LibraryTools\LibraryTools.csproj", "{A227D975-165D-4B95-9C63-1A2D4E0BFE82}"
EndProject
Project("{FAE04EC0-301F-11D3-BF4B-00C04F79EFBC}") = "Day02", "Day02\Day02.csproj", "{83D8D245-8CB7-4BE9-A7B5-34DABDAB1D6B}"
EndProject
Project("{FAE04EC0-301F-11D3-BF4B-00C04F79EFBC}") = "Day03", "Day03\Day03.csproj", "{313C2D70-17AB-438E-BB89-1C791DC4E27E}"
EndProject
Global
	GlobalSection(SolutionConfigurationPlatforms) = preSolution
		Debug|Any CPU = Debug|Any CPU
		Release|Any CPU = Release|Any CPU
	EndGlobalSection
	GlobalSection(ProjectConfigurationPlatforms) = postSolution
		{DCCDAEE6-C910-4CDC-A32B-E1D8F1C3C99C}.Debug|Any CPU.ActiveCfg = Debug|Any CPU
		{DCCDAEE6-C910-4CDC-A32B-E1D8F1C3C99C}.Debug|Any CPU.Build.0 = Debug|Any CPU
		{DCCDAEE6-C910-4CDC-A32B-E1D8F1C3C99C}.Release|Any CPU.ActiveCfg = Release|Any CPU
		{DCCDAEE6-C910-4CDC-A32B-E1D8F1C3C99C}.Release|Any CPU.Build.0 = Release|Any CPU
		{A227D975-165D-4B95-9C63-1A2D4E0BFE82}.Debug|Any CPU.ActiveCfg = Debug|Any CPU
		{A227D975-165D-4B95-9C63-1A2D4E0BFE82}.Debug|Any CPU.Build.0 = Debug|Any CPU
		{A227D975-165D-4B95-9C63-1A2D4E0BFE82}.Release|Any CPU.ActiveCfg = Release|Any CPU
		{A227D975-165D-4B95-9C63-1A2D4E0BFE82}.Release|Any CPU.Build.0 = Release|Any CPU
		{83D8D245-8CB7-4BE9-A7B5-34DABDAB1D6B}.Debug|Any CPU.ActiveCfg = Debug|Any CPU
		{83D8D245-8CB7-4BE9-A7B5-34DABDAB1D6B}.Debug|Any CPU.Build.0 = Debug|Any CPU
		{83D8D245-8CB7-4BE9-A7B5-34DABDAB1D6B}.Release|Any CPU.ActiveCfg = Release|Any CPU
		{83D8D245-8CB7-4BE9-A7B5-34DABDAB1D6B}.Release|Any CPU.Build.0 = Release|Any CPU
		{313C2D70-17AB-438E-BB89-1C791DC4E27E}.Debug|Any CPU.ActiveCfg = Debug|Any CPU
		{313C2D70-17AB-438E-BB89-1C791DC4E27E}.Debug|Any CPU.Build.0 = Debug|Any CPU
		{313C2D70-17AB-438E-BB89-1C791DC4E27E}.Release|Any CPU.ActiveCfg = Release|Any CPU
		{313C2D70-17AB-438E-BB89-1C791DC4E27E}.Release|Any CPU.Build.0 = Release|Any CPU
	EndGlobalSection
EndGlobal
