
Microsoft Visual Studio Solution File, Format Version 12.00
Project("{FAE04EC0-301F-11D3-BF4B-00C04F79EFBC}") = "Day01", "Day01\Day01.csproj", "{DCCDAEE6-C910-4CDC-A32B-E1D8F1C3C99C}"
EndProject
Global
	GlobalSection(SolutionConfigurationPlatforms) = preSolution
		Debug|Any CPU = Debug|Any CPU
		Release|Any CPU = Release|Any CPU
	EndGlobalSection
	GlobalSection(ProjectConfigurationPlatforms) = postSolution
		{DCCDAEE6-C910-4CDC-A32B-E1D8F1C3C99C}.Debug|Any CPU.ActiveCfg = Debug|Any CPU
		{DCCDAEE6-C910-4CDC-A32B-E1D8F1C3C99C}.Debug|Any CPU.Build.0 = Debug|Any CPU
		{DCCDAEE6-C910-4CDC-A32B-E1D8F1C3C99C}.Release|Any CPU.ActiveCfg = Release|Any CPU
		{DCCDAEE6-C910-4CDC-A32B-E1D8F1C3C99C}.Release|Any CPU.Build.0 = Release|Any CPU
	EndGlobalSection
EndGlobal
