
Microsoft Visual Studio Solution File, Format Version 12.00
Project("{FAE04EC0-301F-11D3-BF4B-00C04F79EFBC}") = "Day01", "Day01\Day01.csproj", "{DCCDAEE6-C910-4CDC-A32B-E1D8F1C3C99C}"
EndProject
Project("{FAE04EC0-301F-11D3-BF4B-00C04F79EFBC}") = "LibraryTools", "LibraryTools\LibraryTools.csproj", "{A227D975-165D-4B95-9C63-1A2D4E0BFE82}"
EndProject
Project("{FAE04EC0-301F-11D3-BF4B-00C04F79EFBC}") = "Day02", "Day02\Day02.csproj", "{83D8D245-8CB7-4BE9-A7B5-34DABDAB1D6B}"
EndProject
Project("{FAE04EC0-301F-11D3-BF4B-00C04F79EFBC}") = "Day03", "Day03\Day03.csproj", "{313C2D70-17AB-438E-BB89-1C791DC4E27E}"
EndProject
Project("{FAE04EC0-301F-11D3-BF4B-00C04F79EFBC}") = "Day04", "Day04\Day04.csproj", "{956C826B-C7A9-4136-9ED8-C071801F9E4A}"
EndProject
Project("{FAE04EC0-301F-11D3-BF4B-00C04F79EFBC}") = "Day04Test", "Day04Test\Day04Test.csproj", "{9FBEE4FC-14D5-4789-B220-1A176E6D9BBE}"
EndProject
Project("{FAE04EC0-301F-11D3-BF4B-00C04F79EFBC}") = "Day05", "Day05\Day05.csproj", "{50FD1F52-BCC2-42CE-BBCC-A6CB41A73F2F}"
EndProject
Global
	GlobalSection(SolutionConfigurationPlatforms) = preSolution
		Debug|Any CPU = Debug|Any CPU
		Release|Any CPU = Release|Any CPU
	EndGlobalSection
	GlobalSection(ProjectConfigurationPlatforms) = postSolution
		{DCCDAEE6-C910-4CDC-A32B-E1D8F1C3C99C}.Debug|Any CPU.ActiveCfg = Debug|Any CPU
		{DCCDAEE6-C910-4CDC-A32B-E1D8F1C3C99C}.Debug|Any CPU.Build.0 = Debug|Any CPU
		{DCCDAEE6-C910-4CDC-A32B-E1D8F1C3C99C}.Release|Any CPU.ActiveCfg = Release|Any CPU
		{DCCDAEE6-C910-4CDC-A32B-E1D8F1C3C99C}.Release|Any CPU.Build.0 = Release|Any CPU
		{A227D975-165D-4B95-9C63-1A2D4E0BFE82}.Debug|Any CPU.ActiveCfg = Debug|Any CPU
		{A227D975-165D-4B95-9C63-1A2D4E0BFE82}.Debug|Any CPU.Build.0 = Debug|Any CPU
		{A227D975-165D-4B95-9C63-1A2D4E0BFE82}.Release|Any CPU.ActiveCfg = Release|Any CPU
		{A227D975-165D-4B95-9C63-1A2D4E0BFE82}.Release|Any CPU.Build.0 = Release|Any CPU
		{83D8D245-8CB7-4BE9-A7B5-34DABDAB1D6B}.Debug|Any CPU.ActiveCfg = Debug|Any CPU
		{83D8D245-8CB7-4BE9-A7B5-34DABDAB1D6B}.Debug|Any CPU.Build.0 = Debug|Any CPU
		{83D8D245-8CB7-4BE9-A7B5-34DABDAB1D6B}.Release|Any CPU.ActiveCfg = Release|Any CPU
		{83D8D245-8CB7-4BE9-A7B5-34DABDAB1D6B}.Release|Any CPU.Build.0 = Release|Any CPU
		{313C2D70-17AB-438E-BB89-1C791DC4E27E}.Debug|Any CPU.ActiveCfg = Debug|Any CPU
		{313C2D70-17AB-438E-BB89-1C791DC4E27E}.Debug|Any CPU.Build.0 = Debug|Any CPU
		{313C2D70-17AB-438E-BB89-1C791DC4E27E}.Release|Any CPU.ActiveCfg = Release|Any CPU
		{313C2D70-17AB-438E-BB89-1C791DC4E27E}.Release|Any CPU.Build.0 = Release|Any CPU
		{956C826B-C7A9-4136-9ED8-C071801F9E4A}.Debug|Any CPU.ActiveCfg = Debug|Any CPU
		{956C826B-C7A9-4136-9ED8-C071801F9E4A}.Debug|Any CPU.Build.0 = Debug|Any CPU
		{956C826B-C7A9-4136-9ED8-C071801F9E4A}.Release|Any CPU.ActiveCfg = Release|Any CPU
		{956C826B-C7A9-4136-9ED8-C071801F9E4A}.Release|Any CPU.Build.0 = Release|Any CPU
		{9FBEE4FC-14D5-4789-B220-1A176E6D9BBE}.Debug|Any CPU.ActiveCfg = Debug|Any CPU
		{9FBEE4FC-14D5-4789-B220-1A176E6D9BBE}.Debug|Any CPU.Build.0 = Debug|Any CPU
		{9FBEE4FC-14D5-4789-B220-1A176E6D9BBE}.Release|Any CPU.ActiveCfg = Release|Any CPU
		{9FBEE4FC-14D5-4789-B220-1A176E6D9BBE}.Release|Any CPU.Build.0 = Release|Any CPU
		{50FD1F52-BCC2-42CE-BBCC-A6CB41A73F2F}.Debug|Any CPU.ActiveCfg = Debug|Any CPU
		{50FD1F52-BCC2-42CE-BBCC-A6CB41A73F2F}.Debug|Any CPU.Build.0 = Debug|Any CPU
		{50FD1F52-BCC2-42CE-BBCC-A6CB41A73F2F}.Release|Any CPU.ActiveCfg = Release|Any CPU
		{50FD1F52-BCC2-42CE-BBCC-A6CB41A73F2F}.Release|Any CPU.Build.0 = Release|Any CPU
	EndGlobalSection
EndGlobal
